
Microsoft Visual Studio Solution File, Format Version 12.00
# Visual Studio Version 16
VisualStudioVersion = 16.0.31410.357
MinimumVisualStudioVersion = 10.0.40219.1
Project("{9A19103F-16F7-4668-BE54-9A1E7A4F7556}") = "FactorialsApi", "FactorialsApi\FactorialsApi.csproj", "{1A4D155A-12E6-4BEF-9308-1098B232EAD5}"
EndProject
Project("{FAE04EC0-301F-11D3-BF4B-00C04F79EFBC}") = "FactorialsApiTests", "FactorialsApiTests\FactorialsApiTests.csproj", "{EFBD21EB-A20F-4B75-90B6-B0663A1DDD7B}"
EndProject
Global
	GlobalSection(SolutionConfigurationPlatforms) = preSolution
		Debug|Any CPU = Debug|Any CPU
		Release|Any CPU = Release|Any CPU
	EndGlobalSection
	GlobalSection(ProjectConfigurationPlatforms) = postSolution
		{1A4D155A-12E6-4BEF-9308-1098B232EAD5}.Debug|Any CPU.ActiveCfg = Debug|Any CPU
		{1A4D155A-12E6-4BEF-9308-1098B232EAD5}.Debug|Any CPU.Build.0 = Debug|Any CPU
		{1A4D155A-12E6-4BEF-9308-1098B232EAD5}.Release|Any CPU.ActiveCfg = Release|Any CPU
		{1A4D155A-12E6-4BEF-9308-1098B232EAD5}.Release|Any CPU.Build.0 = Release|Any CPU
		{EFBD21EB-A20F-4B75-90B6-B0663A1DDD7B}.Debug|Any CPU.ActiveCfg = Debug|Any CPU
		{EFBD21EB-A20F-4B75-90B6-B0663A1DDD7B}.Debug|Any CPU.Build.0 = Debug|Any CPU
		{EFBD21EB-A20F-4B75-90B6-B0663A1DDD7B}.Release|Any CPU.ActiveCfg = Release|Any CPU
		{EFBD21EB-A20F-4B75-90B6-B0663A1DDD7B}.Release|Any CPU.Build.0 = Release|Any CPU
	EndGlobalSection
	GlobalSection(SolutionProperties) = preSolution
		HideSolutionNode = FALSE
	EndGlobalSection
	GlobalSection(ExtensibilityGlobals) = postSolution
		SolutionGuid = {528016E2-FAF4-49FA-B7AC-2EAD32FAA58E}
	EndGlobalSection
EndGlobal
